dependencies:
  chmorgan/esp-libhelix-mp3:
    component_hash: null
    source:
      path: D:\espProject\work\git5\arduino-as-component\components\chmorgan__esp-libhelix-mp3
      type: local
    version: 1.0.3
  espressif/cbor:
    component_hash: null
    source:
      path: D:\espProject\work\git5\arduino-as-component\components\espressif__cbor
      type: local
    version: 0.6.0~1
  espressif/esp-dsp:
    component_hash: null
    source:
      path: D:\espProject\work\git5\arduino-as-component\components\espressif__esp-dsp
      type: local
    version: 1.5.2
  espressif/esp-modbus:
    component_hash: null
    source:
      path: D:\espProject\work\git5\arduino-as-component\components\espressif__esp-modbus
      type: local
    version: 1.0.16
  espressif/esp-serial-flasher:
    component_hash: null
    source:
      path: D:\espProject\work\git5\arduino-as-component\components\espressif__esp-serial-flasher
      type: local
    version: 0.0.11
  espressif/esp-zboss-lib:
    component_hash: null
    source:
      path: D:\espProject\work\git5\arduino-as-component\components\espressif__esp-zboss-lib
      type: local
    version: 1.5.0
  espressif/esp-zigbee-lib:
    component_hash: null
    source:
      path: D:\espProject\work\git5\arduino-as-component\components\espressif__esp-zigbee-lib
      type: local
    version: 1.5.0
  espressif/esp_diag_data_store:
    component_hash: null
    source:
      path: D:\espProject\work\git5\arduino-as-component\components\espressif__esp_diag_data_store
      type: local
    version: 1.0.1
  espressif/esp_diagnostics:
    component_hash: null
    source:
      path: D:\espProject\work\git5\arduino-as-component\components\espressif__esp_diagnostics
      type: local
    version: 1.2.0
  espressif/esp_insights:
    component_hash: null
    source:
      path: D:\espProject\work\git5\arduino-as-component\components\espressif__esp_insights
      type: local
    version: 1.2.0
  espressif/esp_modem:
    component_hash: null
    source:
      path: D:\espProject\work\git5\arduino-as-component\components\espressif__esp_modem
      type: local
    version: 1.1.0
  espressif/esp_rainmaker:
    component_hash: null
    source:
      path: D:\espProject\work\git5\arduino-as-component\components\espressif__esp_rainmaker
      type: local
    version: 1.5.0
  espressif/esp_rcp_update:
    component_hash: null
    source:
      path: D:\espProject\work\git5\arduino-as-component\components\espressif__esp_rcp_update
      type: local
    version: 1.2.0
  espressif/esp_schedule:
    component_hash: null
    source:
      path: D:\espProject\work\git5\arduino-as-component\components\espressif__esp_schedule
      type: local
    version: 1.2.0
  espressif/esp_secure_cert_mgr:
    component_hash: null
    source:
      path: D:\espProject\work\git5\arduino-as-component\components\espressif__esp_secure_cert_mgr
      type: local
    version: 2.4.1
  espressif/jsmn:
    component_hash: null
    source:
      path: D:\espProject\work\git5\arduino-as-component\components\espressif__jsmn
      type: local
    version: 1.1.0
  espressif/json_generator:
    component_hash: 45033e1c199b13f1c8c1b544fb7d4e2df6a8e3071ebdcb1b22582b61a7974ff2
    source:
      service_url: https://api.components.espressif.com/
      type: service
    version: 1.1.2
  espressif/json_parser:
    component_hash: d74b81729ad06ec11ff5eb5b1b0d7df1d00e6027fc11471f4b139c70dcf1b1e4
    source:
      service_url: https://api.components.espressif.com/
      type: service
    version: 1.0.3
  espressif/libsodium:
    component_hash: null
    source:
      path: D:\espProject\work\git5\arduino-as-component\components\espressif__libsodium
      type: local
    version: 1.0.20~1
  espressif/mdns:
    component_hash: af6306fe65d637a3683d1cf671508fcedd6b05f9ca029a8815abeab64001fb8d
    source:
      service_url: https://api.components.espressif.com/
      type: service
    version: 1.4.0
  espressif/network_provisioning:
    component_hash: ef2e10182fd1861e68b821491916327c25416ca7ae70e5a6e43313dbc71fe993
    source:
      service_url: https://api.components.espressif.com/
      type: service
    version: 1.0.2
  espressif/qrcode:
    component_hash: null
    source:
      path: D:\espProject\work\git5\arduino-as-component\components\espressif__qrcode
      type: local
    version: 0.1.0~2
  espressif/rmaker_common:
    component_hash: a3a1df881278d0351fc850b77792fe8a196ddd6dcacbea203d606329cc6a0239
    source:
      service_url: https://api.components.espressif.com/
      type: service
    version: 1.4.6
  idf:
    component_hash: null
    source:
      type: idf
    version: 5.1.3
  joltwallet/littlefs:
    component_hash: null
    source:
      path: D:\espProject\work\git5\arduino-as-component\components\joltwallet__littlefs
      type: local
    version: 1.14.8
manifest_hash: 51cbbd48d13f804ff309d82880e135e84d8b53fed002fd16cd8c43d468ea865d
target: esp32
version: 1.0.0
